// !$*UTF8*$!
{
	archiveVersion = 1;
	classes = {
	};
	objectVersion = 55;
	objects = {

/* Begin PBXBuildFile section */
		530BDB562C222147004BA8E2 /* onsets_frames_pytorch_model.mlpackage in Sources */ = {isa = PBXBuildFile; fileRef = 530BDB552C222147004BA8E2 /* onsets_frames_pytorch_model.mlpackage */; };
		530BDB5C2C222382004BA8E2 /* SwiftPlot in Frameworks */ = {isa = PBXBuildFile; productRef = 530BDB5B2C222382004BA8E2 /* SwiftPlot */; };
		530BDB5F2C2223C9004BA8E2 /* AudioKit in Frameworks */ = {isa = PBXBuildFile; productRef = 530BDB5E2C2223C9004BA8E2 /* AudioKit */; };
		530BDB652C22268C004BA8E2 /* SoundpipeAudioKit in Frameworks */ = {isa = PBXBuildFile; productRef = 530BDB642C22268C004BA8E2 /* SoundpipeAudioKit */; };
		530BDB672C222B32004BA8E2 /* AudioToolbox.framework in Frameworks */ = {isa = PBXBuildFile; fileRef = 530BDB662C222B32004BA8E2 /* AudioToolbox.framework */; };
		5358E5CC2C14FF24009E7F8D /* AppDelegate.swift in Sources */ = {isa = PBXBuildFile; fileRef = 5358E5CB2C14FF24009E7F8D /* AppDelegate.swift */; };
		5358E5CE2C14FF24009E7F8D /* SceneDelegate.swift in Sources */ = {isa = PBXBuildFile; fileRef = 5358E5CD2C14FF24009E7F8D /* SceneDelegate.swift */; };
		5358E5D02C14FF24009E7F8D /* ViewController.swift in Sources */ = {isa = PBXBuildFile; fileRef = 5358E5CF2C14FF24009E7F8D /* ViewController.swift */; };
		5358E5D32C14FF24009E7F8D /* Main.storyboard in Resources */ = {isa = PBXBuildFile; fileRef = 5358E5D12C14FF24009E7F8D /* Main.storyboard */; };
		5358E5D52C14FF27009E7F8D /* Assets.xcassets in Resources */ = {isa = PBXBuildFile; fileRef = 5358E5D42C14FF27009E7F8D /* Assets.xcassets */; };
		5358E5D82C14FF27009E7F8D /* LaunchScreen.storyboard in Resources */ = {isa = PBXBuildFile; fileRef = 5358E5D62C14FF27009E7F8D /* LaunchScreen.storyboard */; };
		535F3EB02C1E372F00A59456 /* MusicModel.swift in Sources */ = {isa = PBXBuildFile; fileRef = 535F3EAF2C1E372F00A59456 /* MusicModel.swift */; };
		5381CE2A2C28F881004D2F0B /* currentFile.mid in Resources */ = {isa = PBXBuildFile; fileRef = 5381CE222C28F881004D2F0B /* currentFile.mid */; };
		5381CE2B2C28F881004D2F0B /* example.flac in Resources */ = {isa = PBXBuildFile; fileRef = 5381CE232C28F881004D2F0B /* example.flac */; };
		5381CE2C2C28F881004D2F0B /* file.mid in Resources */ = {isa = PBXBuildFile; fileRef = 5381CE242C28F881004D2F0B /* file.mid */; };
		5381CE2D2C28F881004D2F0B /* file2.mid in Resources */ = {isa = PBXBuildFile; fileRef = 5381CE252C28F881004D2F0B /* file2.mid */; };
		5381CE2E2C28F881004D2F0B /* file3.mid in Resources */ = {isa = PBXBuildFile; fileRef = 5381CE262C28F881004D2F0B /* file3.mid */; };
		5381CE2F2C28F881004D2F0B /* info.txt in Resources */ = {isa = PBXBuildFile; fileRef = 5381CE272C28F881004D2F0B /* info.txt */; };
		5381CE302C28F881004D2F0B /* output.mid in Resources */ = {isa = PBXBuildFile; fileRef = 5381CE282C28F881004D2F0B /* output.mid */; };
		CD3CC55C2C29038800957287 /* ButtonsViewController.swift in Sources */ = {isa = PBXBuildFile; fileRef = CD3CC55B2C29038800957287 /* ButtonsViewController.swift */; };
		CD3CC55E2C2904E800957287 /* ShowNotesController.swift in Sources */ = {isa = PBXBuildFile; fileRef = CD3CC55D2C2904E800957287 /* ShowNotesController.swift */; };
		CD3CC5602C2907BC00957287 /* Note.swift in Sources */ = {isa = PBXBuildFile; fileRef = CD3CC55F2C2907BC00957287 /* Note.swift */; };
		CD3CC5622C2907BF00957287 /* NoteConverter.swift in Sources */ = {isa = PBXBuildFile; fileRef = CD3CC5612C2907BF00957287 /* NoteConverter.swift */; };
		CD3CC5652C2907CC00957287 /* HarmonicSeries.swift in Sources */ = {isa = PBXBuildFile; fileRef = CD3CC5642C2907CC00957287 /* HarmonicSeries.swift */; };
		CD3CC5672C2907D100957287 /* MIDIParser.swift in Sources */ = {isa = PBXBuildFile; fileRef = CD3CC5662C2907D100957287 /* MIDIParser.swift */; };
		CD3CC5692C2907D800957287 /* StaffView.swift in Sources */ = {isa = PBXBuildFile; fileRef = CD3CC5682C2907D800957287 /* StaffView.swift */; };
		CD3CC56C2C2908CD00957287 /* MIDIKit in Frameworks */ = {isa = PBXBuildFile; productRef = CD3CC56B2C2908CD00957287 /* MIDIKit */; };
		CD3CC56E2C2908D000957287 /* MIDIKitIO in Frameworks */ = {isa = PBXBuildFile; productRef = CD3CC56D2C2908D000957287 /* MIDIKitIO */; };
		CD3CC5702C2908D300957287 /* MIDIKitUI in Frameworks */ = {isa = PBXBuildFile; productRef = CD3CC56F2C2908D300957287 /* MIDIKitUI */; };
/* End PBXBuildFile section */

/* Begin PBXFileReference section */
		530BDB552C222147004BA8E2 /* onsets_frames_pytorch_model.mlpackage */ = {isa = PBXFileReference; lastKnownFileType = folder.mlpackage; path = onsets_frames_pytorch_model.mlpackage; sourceTree = "<group>"; };
		530BDB662C222B32004BA8E2 /* AudioToolbox.framework */ = {isa = PBXFileReference; lastKnownFileType = wrapper.framework; name = AudioToolbox.framework; path = System/Library/Frameworks/AudioToolbox.framework; sourceTree = SDKROOT; };
		5358E5C82C14FF24009E7F8D /* Melodit.app */ = {isa = PBXFileReference; explicitFileType = wrapper.application; includeInIndex = 0; path = Melodit.app; sourceTree = BUILT_PRODUCTS_DIR; };
		5358E5CB2C14FF24009E7F8D /* AppDelegate.swift */ = {isa = PBXFileReference; lastKnownFileType = sourcecode.swift; path = AppDelegate.swift; sourceTree = "<group>"; };
		5358E5CD2C14FF24009E7F8D /* SceneDelegate.swift */ = {isa = PBXFileReference; lastKnownFileType = sourcecode.swift; path = SceneDelegate.swift; sourceTree = "<group>"; };
		5358E5CF2C14FF24009E7F8D /* ViewController.swift */ = {isa = PBXFileReference; lastKnownFileType = sourcecode.swift; path = ViewController.swift; sourceTree = "<group>"; };
		5358E5D22C14FF24009E7F8D /* Base */ = {isa = PBXFileReference; lastKnownFileType = file.storyboard; name = Base; path = Base.lproj/Main.storyboard; sourceTree = "<group>"; };
		5358E5D42C14FF27009E7F8D /* Assets.xcassets */ = {isa = PBXFileReference; lastKnownFileType = folder.assetcatalog; path = Assets.xcassets; sourceTree = "<group>"; };
		5358E5D72C14FF27009E7F8D /* Base */ = {isa = PBXFileReference; lastKnownFileType = file.storyboard; name = Base; path = Base.lproj/LaunchScreen.storyboard; sourceTree = "<group>"; };
		5358E5D92C14FF27009E7F8D /* Info.plist */ = {isa = PBXFileReference; lastKnownFileType = text.plist.xml; path = Info.plist; sourceTree = "<group>"; };
		535F3EAF2C1E372F00A59456 /* MusicModel.swift */ = {isa = PBXFileReference; lastKnownFileType = sourcecode.swift; path = MusicModel.swift; sourceTree = "<group>"; };
		5381CE222C28F881004D2F0B /* currentFile.mid */ = {isa = PBXFileReference; lastKnownFileType = audio.midi; path = currentFile.mid; sourceTree = "<group>"; };
		5381CE232C28F881004D2F0B /* example.flac */ = {isa = PBXFileReference; lastKnownFileType = file; path = example.flac; sourceTree = "<group>"; };
		5381CE242C28F881004D2F0B /* file.mid */ = {isa = PBXFileReference; lastKnownFileType = audio.midi; path = file.mid; sourceTree = "<group>"; };
		5381CE252C28F881004D2F0B /* file2.mid */ = {isa = PBXFileReference; lastKnownFileType = audio.midi; path = file2.mid; sourceTree = "<group>"; };
		5381CE262C28F881004D2F0B /* file3.mid */ = {isa = PBXFileReference; lastKnownFileType = audio.midi; path = file3.mid; sourceTree = "<group>"; };
		5381CE272C28F881004D2F0B /* info.txt */ = {isa = PBXFileReference; fileEncoding = 4; lastKnownFileType = text; path = info.txt; sourceTree = "<group>"; };
		5381CE282C28F881004D2F0B /* output.mid */ = {isa = PBXFileReference; lastKnownFileType = audio.midi; path = output.mid; sourceTree = "<group>"; };
		CD3CC55B2C29038800957287 /* ButtonsViewController.swift */ = {isa = PBXFileReference; lastKnownFileType = sourcecode.swift; path = ButtonsViewController.swift; sourceTree = "<group>"; };
		CD3CC55D2C2904E800957287 /* ShowNotesController.swift */ = {isa = PBXFileReference; lastKnownFileType = sourcecode.swift; path = ShowNotesController.swift; sourceTree = "<group>"; };
		CD3CC55F2C2907BC00957287 /* Note.swift */ = {isa = PBXFileReference; fileEncoding = 4; lastKnownFileType = sourcecode.swift; path = Note.swift; sourceTree = "<group>"; };
		CD3CC5612C2907BF00957287 /* NoteConverter.swift */ = {isa = PBXFileReference; fileEncoding = 4; lastKnownFileType = sourcecode.swift; path = NoteConverter.swift; sourceTree = "<group>"; };
		CD3CC5632C2907C300957287 /* NoteUtils.h */ = {isa = PBXFileReference; lastKnownFileType = sourcecode.c.h; path = NoteUtils.h; sourceTree = "<group>"; };
		CD3CC5642C2907CC00957287 /* HarmonicSeries.swift */ = {isa = PBXFileReference; fileEncoding = 4; lastKnownFileType = sourcecode.swift; path = HarmonicSeries.swift; sourceTree = "<group>"; };
		CD3CC5662C2907D100957287 /* MIDIParser.swift */ = {isa = PBXFileReference; fileEncoding = 4; lastKnownFileType = sourcecode.swift; path = MIDIParser.swift; sourceTree = "<group>"; };
		CD3CC5682C2907D800957287 /* StaffView.swift */ = {isa = PBXFileReference; fileEncoding = 4; lastKnownFileType = sourcecode.swift; path = StaffView.swift; sourceTree = "<group>"; };
/* End PBXFileReference section */

/* Begin PBXFrameworksBuildPhase section */
		5358E5C52C14FF24009E7F8D /* Frameworks */ = {
			isa = PBXFrameworksBuildPhase;
			buildActionMask = 2147483647;
			files = (
				530BDB5F2C2223C9004BA8E2 /* AudioKit in Frameworks */,
				530BDB652C22268C004BA8E2 /* SoundpipeAudioKit in Frameworks */,
				CD3CC5702C2908D300957287 /* MIDIKitUI in Frameworks */,
				530BDB5C2C222382004BA8E2 /* SwiftPlot in Frameworks */,
				CD3CC56C2C2908CD00957287 /* MIDIKit in Frameworks */,
				CD3CC56E2C2908D000957287 /* MIDIKitIO in Frameworks */,
				530BDB672C222B32004BA8E2 /* AudioToolbox.framework in Frameworks */,
			);
			runOnlyForDeploymentPostprocessing = 0;
		};
/* End PBXFrameworksBuildPhase section */

/* Begin PBXGroup section */
		530BDB582C22237D004BA8E2 /* Frameworks */ = {
			isa = PBXGroup;
			children = (
				530BDB662C222B32004BA8E2 /* AudioToolbox.framework */,
			);
			name = Frameworks;
			sourceTree = "<group>";
		};
		5358E5BF2C14FF24009E7F8D = {
			isa = PBXGroup;
			children = (
				5381CE292C28F881004D2F0B /* midi */,
				5358E5CA2C14FF24009E7F8D /* Melodit */,
				5358E5C92C14FF24009E7F8D /* Products */,
				530BDB582C22237D004BA8E2 /* Frameworks */,
			);
			sourceTree = "<group>";
		};
		5358E5C92C14FF24009E7F8D /* Products */ = {
			isa = PBXGroup;
			children = (
				5358E5C82C14FF24009E7F8D /* Melodit.app */,
			);
			name = Products;
			sourceTree = "<group>";
		};
		5358E5CA2C14FF24009E7F8D /* Melodit */ = {
			isa = PBXGroup;
			children = (
				CD3CC55A2C29035B00957287 /* NotesGeneration */,
				530BDB552C222147004BA8E2 /* onsets_frames_pytorch_model.mlpackage */,
				5358E5CB2C14FF24009E7F8D /* AppDelegate.swift */,
				5358E5CD2C14FF24009E7F8D /* SceneDelegate.swift */,
				5358E5CF2C14FF24009E7F8D /* ViewController.swift */,
				535F3EAF2C1E372F00A59456 /* MusicModel.swift */,
				5358E5D12C14FF24009E7F8D /* Main.storyboard */,
				5358E5D42C14FF27009E7F8D /* Assets.xcassets */,
				5358E5D62C14FF27009E7F8D /* LaunchScreen.storyboard */,
				5358E5D92C14FF27009E7F8D /* Info.plist */,
			);
			path = Melodit;
			sourceTree = "<group>";
		};
		5381CE292C28F881004D2F0B /* midi */ = {
			isa = PBXGroup;
			children = (
				5381CE222C28F881004D2F0B /* currentFile.mid */,
				5381CE232C28F881004D2F0B /* example.flac */,
				5381CE242C28F881004D2F0B /* file.mid */,
				5381CE252C28F881004D2F0B /* file2.mid */,
				5381CE262C28F881004D2F0B /* file3.mid */,
				5381CE272C28F881004D2F0B /* info.txt */,
				5381CE282C28F881004D2F0B /* output.mid */,
			);
			path = midi;
			sourceTree = "<group>";
		};
		CD3CC55A2C29035B00957287 /* NotesGeneration */ = {
			isa = PBXGroup;
			children = (
				CD3CC5642C2907CC00957287 /* HarmonicSeries.swift */,
				CD3CC5632C2907C300957287 /* NoteUtils.h */,
				CD3CC5612C2907BF00957287 /* NoteConverter.swift */,
				CD3CC55F2C2907BC00957287 /* Note.swift */,
				CD3CC55B2C29038800957287 /* ButtonsViewController.swift */,
				CD3CC55D2C2904E800957287 /* ShowNotesController.swift */,
				CD3CC5662C2907D100957287 /* MIDIParser.swift */,
				CD3CC5682C2907D800957287 /* StaffView.swift */,
			);
			path = NotesGeneration;
			sourceTree = "<group>";
		};
/* End PBXGroup section */

/* Begin PBXNativeTarget section */
		5358E5C72C14FF24009E7F8D /* Melodit */ = {
			isa = PBXNativeTarget;
			buildConfigurationList = 5358E5DC2C14FF27009E7F8D /* Build configuration list for PBXNativeTarget "Melodit" */;
			buildPhases = (
				5358E5C42C14FF24009E7F8D /* Sources */,
				5358E5C52C14FF24009E7F8D /* Frameworks */,
				5358E5C62C14FF24009E7F8D /* Resources */,
			);
			buildRules = (
			);
			dependencies = (
			);
			name = Melodit;
			packageProductDependencies = (
				530BDB5B2C222382004BA8E2 /* SwiftPlot */,
				530BDB5E2C2223C9004BA8E2 /* AudioKit */,
				530BDB642C22268C004BA8E2 /* SoundpipeAudioKit */,
				CD3CC56B2C2908CD00957287 /* MIDIKit */,
				CD3CC56D2C2908D000957287 /* MIDIKitIO */,
				CD3CC56F2C2908D300957287 /* MIDIKitUI */,
			);
			productName = Melodit;
			productReference = 5358E5C82C14FF24009E7F8D /* Melodit.app */;
			productType = "com.apple.product-type.application";
		};
/* End PBXNativeTarget section */

/* Begin PBXProject section */
		5358E5C02C14FF24009E7F8D /* Project object */ = {
			isa = PBXProject;
			attributes = {
				BuildIndependentTargetsInParallel = 1;
				LastSwiftUpdateCheck = 1330;
				LastUpgradeCheck = 1330;
				TargetAttributes = {
					5358E5C72C14FF24009E7F8D = {
						CreatedOnToolsVersion = 13.3;
					};
				};
			};
			buildConfigurationList = 5358E5C32C14FF24009E7F8D /* Build configuration list for PBXProject "Melodit" */;
			compatibilityVersion = "Xcode 13.0";
			developmentRegion = en;
			hasScannedForEncodings = 0;
			knownRegions = (
				en,
				Base,
			);
			mainGroup = 5358E5BF2C14FF24009E7F8D;
			packageReferences = (
				530BDB572C222329004BA8E2 /* XCRemoteSwiftPackageReference "swiftplot" */,
				530BDB5D2C2223C9004BA8E2 /* XCRemoteSwiftPackageReference "AudioKit" */,
				530BDB632C22268C004BA8E2 /* XCRemoteSwiftPackageReference "SoundpipeAudioKit" */,
				CD3CC56A2C2908B200957287 /* XCRemoteSwiftPackageReference "MIDIKit" */,
			);
			productRefGroup = 5358E5C92C14FF24009E7F8D /* Products */;
			projectDirPath = "";
			projectRoot = "";
			targets = (
				5358E5C72C14FF24009E7F8D /* Melodit */,
			);
		};
/* End PBXProject section */

/* Begin PBXResourcesBuildPhase section */
		5358E5C62C14FF24009E7F8D /* Resources */ = {
			isa = PBXResourcesBuildPhase;
			buildActionMask = 2147483647;
			files = (
				5381CE2C2C28F881004D2F0B /* file.mid in Resources */,
				5358E5D82C14FF27009E7F8D /* LaunchScreen.storyboard in Resources */,
				5358E5D52C14FF27009E7F8D /* Assets.xcassets in Resources */,
				5381CE302C28F881004D2F0B /* output.mid in Resources */,
				5381CE2A2C28F881004D2F0B /* currentFile.mid in Resources */,
				5381CE2E2C28F881004D2F0B /* file3.mid in Resources */,
				5381CE2B2C28F881004D2F0B /* example.flac in Resources */,
				5358E5D32C14FF24009E7F8D /* Main.storyboard in Resources */,
				5381CE2F2C28F881004D2F0B /* info.txt in Resources */,
				5381CE2D2C28F881004D2F0B /* file2.mid in Resources */,
			);
			runOnlyForDeploymentPostprocessing = 0;
		};
/* End PBXResourcesBuildPhase section */

/* Begin PBXSourcesBuildPhase section */
		5358E5C42C14FF24009E7F8D /* Sources */ = {
			isa = PBXSourcesBuildPhase;
			buildActionMask = 2147483647;
			files = (
				5358E5D02C14FF24009E7F8D /* ViewController.swift in Sources */,
				535F3EB02C1E372F00A59456 /* MusicModel.swift in Sources */,
				530BDB562C222147004BA8E2 /* onsets_frames_pytorch_model.mlpackage in Sources */,
				CD3CC5602C2907BC00957287 /* Note.swift in Sources */,
				CD3CC55E2C2904E800957287 /* ShowNotesController.swift in Sources */,
				CD3CC5622C2907BF00957287 /* NoteConverter.swift in Sources */,
				5358E5CC2C14FF24009E7F8D /* AppDelegate.swift in Sources */,
				CD3CC55C2C29038800957287 /* ButtonsViewController.swift in Sources */,
				5358E5CE2C14FF24009E7F8D /* SceneDelegate.swift in Sources */,
				CD3CC5692C2907D800957287 /* StaffView.swift in Sources */,
				CD3CC5672C2907D100957287 /* MIDIParser.swift in Sources */,
				CD3CC5652C2907CC00957287 /* HarmonicSeries.swift in Sources */,
			);
			runOnlyForDeploymentPostprocessing = 0;
		};
/* End PBXSourcesBuildPhase section */

/* Begin PBXVariantGroup section */
		5358E5D12C14FF24009E7F8D /* Main.storyboard */ = {
			isa = PBXVariantGroup;
			children = (
				5358E5D22C14FF24009E7F8D /* Base */,
			);
			name = Main.storyboard;
			sourceTree = "<group>";
		};
		5358E5D62C14FF27009E7F8D /* LaunchScreen.storyboard */ = {
			isa = PBXVariantGroup;
			children = (
				5358E5D72C14FF27009E7F8D /* Base */,
			);
			name = LaunchScreen.storyboard;
			sourceTree = "<group>";
		};
/* End PBXVariantGroup section */

/* Begin XCBuildConfiguration section */
		5358E5DA2C14FF27009E7F8D /* Debug */ = {
			isa = XCBuildConfiguration;
			buildSettings = {
				ALWAYS_SEARCH_USER_PATHS = NO;
				CLANG_ANALYZER_NONNULL = YES;
				CLANG_ANALYZER_NUMBER_OBJECT_CONVERSION = YES_AGGRESSIVE;
				CLANG_CXX_LANGUAGE_STANDARD = "gnu++17";
				CLANG_ENABLE_MODULES = YES;
				CLANG_ENABLE_OBJC_ARC = YES;
				CLANG_ENABLE_OBJC_WEAK = YES;
				CLANG_WARN_BLOCK_CAPTURE_AUTORELEASING = YES;
				CLANG_WARN_BOOL_CONVERSION = YES;
				CLANG_WARN_COMMA = YES;
				CLANG_WARN_CONSTANT_CONVERSION = YES;
				CLANG_WARN_DEPRECATED_OBJC_IMPLEMENTATIONS = YES;
				CLANG_WARN_DIRECT_OBJC_ISA_USAGE = YES_ERROR;
				CLANG_WARN_DOCUMENTATION_COMMENTS = YES;
				CLANG_WARN_EMPTY_BODY = YES;
				CLANG_WARN_ENUM_CONVERSION = YES;
				CLANG_WARN_INFINITE_RECURSION = YES;
				CLANG_WARN_INT_CONVERSION = YES;
				CLANG_WARN_NON_LITERAL_NULL_CONVERSION = YES;
				CLANG_WARN_OBJC_IMPLICIT_RETAIN_SELF = YES;
				CLANG_WARN_OBJC_LITERAL_CONVERSION = YES;
				CLANG_WARN_OBJC_ROOT_CLASS = YES_ERROR;
				CLANG_WARN_QUOTED_INCLUDE_IN_FRAMEWORK_HEADER = YES;
				CLANG_WARN_RANGE_LOOP_ANALYSIS = YES;
				CLANG_WARN_STRICT_PROTOTYPES = YES;
				CLANG_WARN_SUSPICIOUS_MOVE = YES;
				CLANG_WARN_UNGUARDED_AVAILABILITY = YES_AGGRESSIVE;
				CLANG_WARN_UNREACHABLE_CODE = YES;
				CLANG_WARN__DUPLICATE_METHOD_MATCH = YES;
				COPY_PHASE_STRIP = NO;
				DEBUG_INFORMATION_FORMAT = dwarf;
				ENABLE_STRICT_OBJC_MSGSEND = YES;
				ENABLE_TESTABILITY = YES;
				GCC_C_LANGUAGE_STANDARD = gnu11;
				GCC_DYNAMIC_NO_PIC = NO;
				GCC_NO_COMMON_BLOCKS = YES;
				GCC_OPTIMIZATION_LEVEL = 0;
				GCC_PREPROCESSOR_DEFINITIONS = (
					"DEBUG=1",
					"$(inherited)",
				);
				GCC_WARN_64_TO_32_BIT_CONVERSION = YES;
				GCC_WARN_ABOUT_RETURN_TYPE = YES_ERROR;
				GCC_WARN_UNDECLARED_SELECTOR = YES;
				GCC_WARN_UNINITIALIZED_AUTOS = YES_AGGRESSIVE;
				GCC_WARN_UNUSED_FUNCTION = YES;
				GCC_WARN_UNUSED_VARIABLE = YES;
				IPHONEOS_DEPLOYMENT_TARGET = 15.4;
				MTL_ENABLE_DEBUG_INFO = INCLUDE_SOURCE;
				MTL_FAST_MATH = YES;
				ONLY_ACTIVE_ARCH = YES;
				SDKROOT = iphoneos;
				SWIFT_ACTIVE_COMPILATION_CONDITIONS = DEBUG;
				SWIFT_OPTIMIZATION_LEVEL = "-Onone";
			};
			name = Debug;
		};
		5358E5DB2C14FF27009E7F8D /* Release */ = {
			isa = XCBuildConfiguration;
			buildSettings = {
				ALWAYS_SEARCH_USER_PATHS = NO;
				CLANG_ANALYZER_NONNULL = YES;
				CLANG_ANALYZER_NUMBER_OBJECT_CONVERSION = YES_AGGRESSIVE;
				CLANG_CXX_LANGUAGE_STANDARD = "gnu++17";
				CLANG_ENABLE_MODULES = YES;
				CLANG_ENABLE_OBJC_ARC = YES;
				CLANG_ENABLE_OBJC_WEAK = YES;
				CLANG_WARN_BLOCK_CAPTURE_AUTORELEASING = YES;
				CLANG_WARN_BOOL_CONVERSION = YES;
				CLANG_WARN_COMMA = YES;
				CLANG_WARN_CONSTANT_CONVERSION = YES;
				CLANG_WARN_DEPRECATED_OBJC_IMPLEMENTATIONS = YES;
				CLANG_WARN_DIRECT_OBJC_ISA_USAGE = YES_ERROR;
				CLANG_WARN_DOCUMENTATION_COMMENTS = YES;
				CLANG_WARN_EMPTY_BODY = YES;
				CLANG_WARN_ENUM_CONVERSION = YES;
				CLANG_WARN_INFINITE_RECURSION = YES;
				CLANG_WARN_INT_CONVERSION = YES;
				CLANG_WARN_NON_LITERAL_NULL_CONVERSION = YES;
				CLANG_WARN_OBJC_IMPLICIT_RETAIN_SELF = YES;
				CLANG_WARN_OBJC_LITERAL_CONVERSION = YES;
				CLANG_WARN_OBJC_ROOT_CLASS = YES_ERROR;
				CLANG_WARN_QUOTED_INCLUDE_IN_FRAMEWORK_HEADER = YES;
				CLANG_WARN_RANGE_LOOP_ANALYSIS = YES;
				CLANG_WARN_STRICT_PROTOTYPES = YES;
				CLANG_WARN_SUSPICIOUS_MOVE = YES;
				CLANG_WARN_UNGUARDED_AVAILABILITY = YES_AGGRESSIVE;
				CLANG_WARN_UNREACHABLE_CODE = YES;
				CLANG_WARN__DUPLICATE_METHOD_MATCH = YES;
				COPY_PHASE_STRIP = NO;
				DEBUG_INFORMATION_FORMAT = "dwarf-with-dsym";
				ENABLE_NS_ASSERTIONS = NO;
				ENABLE_STRICT_OBJC_MSGSEND = YES;
				GCC_C_LANGUAGE_STANDARD = gnu11;
				GCC_NO_COMMON_BLOCKS = YES;
				GCC_WARN_64_TO_32_BIT_CONVERSION = YES;
				GCC_WARN_ABOUT_RETURN_TYPE = YES_ERROR;
				GCC_WARN_UNDECLARED_SELECTOR = YES;
				GCC_WARN_UNINITIALIZED_AUTOS = YES_AGGRESSIVE;
				GCC_WARN_UNUSED_FUNCTION = YES;
				GCC_WARN_UNUSED_VARIABLE = YES;
				IPHONEOS_DEPLOYMENT_TARGET = 15.4;
				MTL_ENABLE_DEBUG_INFO = NO;
				MTL_FAST_MATH = YES;
				SDKROOT = iphoneos;
				SWIFT_COMPILATION_MODE = wholemodule;
				SWIFT_OPTIMIZATION_LEVEL = "-O";
				VALIDATE_PRODUCT = YES;
			};
			name = Release;
		};
		5358E5DD2C14FF27009E7F8D /* Debug */ = {
			isa = XCBuildConfiguration;
			buildSettings = {
				ASSETCATALOG_COMPILER_APPICON_NAME = AppIcon;
				ASSETCATALOG_COMPILER_GLOBAL_ACCENT_COLOR_NAME = AccentColor;
				CODE_SIGN_ENTITLEMENTS = Melodit/Melodit.entitlements;
				CODE_SIGN_IDENTITY = "Apple Development";
				CODE_SIGN_STYLE = Automatic;
				CURRENT_PROJECT_VERSION = 1;
				DEVELOPMENT_TEAM = WB83P8J3VX;
				GENERATE_INFOPLIST_FILE = YES;
				INFOPLIST_FILE = Melodit/Info.plist;
				INFOPLIST_KEY_UIApplicationSupportsIndirectInputEvents = YES;
				INFOPLIST_KEY_UILaunchStoryboardName = LaunchScreen;
				INFOPLIST_KEY_UIMainStoryboardFile = Main;
				INFOPLIST_KEY_UISupportedInterfaceOrientations_iPad = "UIInterfaceOrientationPortrait UIInterfaceOrientationPortraitUpsideDown UIInterfaceOrientationLandscapeLeft UIInterfaceOrientationLandscapeRight";
				INFOPLIST_KEY_UISupportedInterfaceOrientations_iPhone = "UIInterfaceOrientationPortrait UIInterfaceOrientationLandscapeLeft UIInterfaceOrientationLandscapeRight";
				IPHONEOS_DEPLOYMENT_TARGET = 17.4;
				LD_RUNPATH_SEARCH_PATHS = (
					"$(inherited)",
					"@executable_path/Frameworks",
				);
				MARKETING_VERSION = 1.0;
				PRODUCT_BUNDLE_IDENTIFIER = edu.com.ukma.kuchyna.Melodit;
				PRODUCT_NAME = "$(TARGET_NAME)";
				PROVISIONING_PROFILE_SPECIFIER = "";
				SUPPORTED_PLATFORMS = "iphoneos iphonesimulator";
				SUPPORTS_MACCATALYST = NO;
				SUPPORTS_MAC_DESIGNED_FOR_IPHONE_IPAD = NO;
				SUPPORTS_XR_DESIGNED_FOR_IPHONE_IPAD = NO;
				SWIFT_EMIT_LOC_STRINGS = YES;
				SWIFT_VERSION = 5.0;
				TARGETED_DEVICE_FAMILY = 1;
			};
			name = Debug;
		};
		5358E5DE2C14FF27009E7F8D /* Release */ = {
			isa = XCBuildConfiguration;
			buildSettings = {
				ASSETCATALOG_COMPILER_APPICON_NAME = AppIcon;
				ASSETCATALOG_COMPILER_GLOBAL_ACCENT_COLOR_NAME = AccentColor;
				CODE_SIGN_ENTITLEMENTS = Melodit/Melodit.entitlements;
				CODE_SIGN_IDENTITY = "Apple Development";
				CODE_SIGN_STYLE = Automatic;
				CURRENT_PROJECT_VERSION = 1;
				DEVELOPMENT_TEAM = WB83P8J3VX;
				GENERATE_INFOPLIST_FILE = YES;
				INFOPLIST_FILE = Melodit/Info.plist;
				INFOPLIST_KEY_UIApplicationSupportsIndirectInputEvents = YES;
				INFOPLIST_KEY_UILaunchStoryboardName = LaunchScreen;
				INFOPLIST_KEY_UIMainStoryboardFile = Main;
				INFOPLIST_KEY_UISupportedInterfaceOrientations_iPad = "UIInterfaceOrientationPortrait UIInterfaceOrientationPortraitUpsideDown UIInterfaceOrientationLandscapeLeft UIInterfaceOrientationLandscapeRight";
				INFOPLIST_KEY_UISupportedInterfaceOrientations_iPhone = "UIInterfaceOrientationPortrait UIInterfaceOrientationLandscapeLeft UIInterfaceOrientationLandscapeRight";
				IPHONEOS_DEPLOYMENT_TARGET = 17.4;
				LD_RUNPATH_SEARCH_PATHS = (
					"$(inherited)",
					"@executable_path/Frameworks",
				);
				MARKETING_VERSION = 1.0;
				PRODUCT_BUNDLE_IDENTIFIER = edu.com.ukma.kuchyna.Melodit;
				PRODUCT_NAME = "$(TARGET_NAME)";
				PROVISIONING_PROFILE_SPECIFIER = "";
				SUPPORTED_PLATFORMS = "iphoneos iphonesimulator";
				SUPPORTS_MACCATALYST = NO;
				SUPPORTS_MAC_DESIGNED_FOR_IPHONE_IPAD = NO;
				SUPPORTS_XR_DESIGNED_FOR_IPHONE_IPAD = NO;
				SWIFT_EMIT_LOC_STRINGS = YES;
				SWIFT_VERSION = 5.0;
				TARGETED_DEVICE_FAMILY = 1;
			};
			name = Release;
		};
/* End XCBuildConfiguration section */

/* Begin XCConfigurationList section */
		5358E5C32C14FF24009E7F8D /* Build configuration list for PBXProject "Melodit" */ = {
			isa = XCConfigurationList;
			buildConfigurations = (
				5358E5DA2C14FF27009E7F8D /* Debug */,
				5358E5DB2C14FF27009E7F8D /* Release */,
			);
			defaultConfigurationIsVisible = 0;
			defaultConfigurationName = Release;
		};
		5358E5DC2C14FF27009E7F8D /* Build configuration list for PBXNativeTarget "Melodit" */ = {
			isa = XCConfigurationList;
			buildConfigurations = (
				5358E5DD2C14FF27009E7F8D /* Debug */,
				5358E5DE2C14FF27009E7F8D /* Release */,
			);
			defaultConfigurationIsVisible = 0;
			defaultConfigurationName = Release;
		};
/* End XCConfigurationList section */

/* Begin XCRemoteSwiftPackageReference section */
		530BDB572C222329004BA8E2 /* XCRemoteSwiftPackageReference "swiftplot" */ = {
			isa = XCRemoteSwiftPackageReference;
			repositoryURL = "https://github.com/KarthikRIyer/swiftplot.git";
			requirement = {
				kind = upToNextMajorVersion;
				minimumVersion = 2.0.0;
			};
		};
		530BDB5D2C2223C9004BA8E2 /* XCRemoteSwiftPackageReference "AudioKit" */ = {
			isa = XCRemoteSwiftPackageReference;
			repositoryURL = "https://github.com/AudioKit/AudioKit.git";
			requirement = {
				kind = upToNextMajorVersion;
				minimumVersion = 5.6.4;
			};
		};
		530BDB632C22268C004BA8E2 /* XCRemoteSwiftPackageReference "SoundpipeAudioKit" */ = {
			isa = XCRemoteSwiftPackageReference;
			repositoryURL = "https://github.com/AudioKit/SoundpipeAudioKit.git";
			requirement = {
				kind = upToNextMajorVersion;
				minimumVersion = 5.6.1;
			};
		};
		CD3CC56A2C2908B200957287 /* XCRemoteSwiftPackageReference "MIDIKit" */ = {
			isa = XCRemoteSwiftPackageReference;
			repositoryURL = "https://github.com/orchetect/MIDIKit.git";
			requirement = {
				kind = upToNextMajorVersion;
				minimumVersion = 0.9.6;
			};
		};
/* End XCRemoteSwiftPackageReference section */

/* Begin XCSwiftPackageProductDependency section */
		530BDB5B2C222382004BA8E2 /* SwiftPlot */ = {
			isa = XCSwiftPackageProductDependency;
			package = 530BDB572C222329004BA8E2 /* XCRemoteSwiftPackageReference "swiftplot" */;
			productName = SwiftPlot;
		};
		530BDB5E2C2223C9004BA8E2 /* AudioKit */ = {
			isa = XCSwiftPackageProductDependency;
			package = 530BDB5D2C2223C9004BA8E2 /* XCRemoteSwiftPackageReference "AudioKit" */;
			productName = AudioKit;
		};
		530BDB642C22268C004BA8E2 /* SoundpipeAudioKit */ = {
			isa = XCSwiftPackageProductDependency;
			package = 530BDB632C22268C004BA8E2 /* XCRemoteSwiftPackageReference "SoundpipeAudioKit" */;
			productName = SoundpipeAudioKit;
		};
		CD3CC56B2C2908CD00957287 /* MIDIKit */ = {
			isa = XCSwiftPackageProductDependency;
			package = CD3CC56A2C2908B200957287 /* XCRemoteSwiftPackageReference "MIDIKit" */;
			productName = MIDIKit;
		};
		CD3CC56D2C2908D000957287 /* MIDIKitIO */ = {
			isa = XCSwiftPackageProductDependency;
			package = CD3CC56A2C2908B200957287 /* XCRemoteSwiftPackageReference "MIDIKit" */;
			productName = MIDIKitIO;
		};
		CD3CC56F2C2908D300957287 /* MIDIKitUI */ = {
			isa = XCSwiftPackageProductDependency;
			package = CD3CC56A2C2908B200957287 /* XCRemoteSwiftPackageReference "MIDIKit" */;
			productName = MIDIKitUI;
		};
/* End XCSwiftPackageProductDependency section */
	};
	rootObject = 5358E5C02C14FF24009E7F8D /* Project object */;
}
